
Microsoft Visual Studio Solution File, Format Version 12.00
# Visual Studio Version 17
VisualStudioVersion = 17.5.002.0
MinimumVisualStudioVersion = 10.0.40219.1
Project("{9A19103F-16F7-4668-BE54-9A1E7A4F7556}") = "kafkadotnet", "kafkadotnet.csproj", "{55899EA2-133F-43E8-886C-951723B2CF63}"
EndProject
Global
	GlobalSection(SolutionConfigurationPlatforms) = preSolution
		Debug|Any CPU = Debug|Any CPU
		Release|Any CPU = Release|Any CPU
	EndGlobalSection
	GlobalSection(ProjectConfigurationPlatforms) = postSolution
		{55899EA2-133F-43E8-886C-951723B2CF63}.Debug|Any CPU.ActiveCfg = Debug|Any CPU
		{55899EA2-133F-43E8-886C-951723B2CF63}.Debug|Any CPU.Build.0 = Debug|Any CPU
		{55899EA2-133F-43E8-886C-951723B2CF63}.Release|Any CPU.ActiveCfg = Release|Any CPU
		{55899EA2-133F-43E8-886C-951723B2CF63}.Release|Any CPU.Build.0 = Release|Any CPU
	EndGlobalSection
	GlobalSection(SolutionProperties) = preSolution
		HideSolutionNode = FALSE
	EndGlobalSection
	GlobalSection(ExtensibilityGlobals) = postSolution
		SolutionGuid = {543E8A0B-1389-4823-A909-D4A9E156E8ED}
	EndGlobalSection
EndGlobal
